
Microsoft Visual Studio Solution File, Format Version 12.00
# Visual Studio 14
VisualStudioVersion = 14.0.23107.0
MinimumVisualStudioVersion = 10.0.40219.1
Project("{FAE04EC0-301F-11D3-BF4B-00C04F79EFBC}") = "dwdWarnings", "dwdWarnings\dwdWarnings.csproj", "{058AAAB5-3DB0-4C98-81AF-9C3AE5E226E1}"
EndProject
Project("{FAE04EC0-301F-11D3-BF4B-00C04F79EFBC}") = "TestApplication", "TestApplication\TestApplication.csproj", "{416E4213-1FEF-4CC4-9D9F-65FE2D23C0E6}"
EndProject
Global
	GlobalSection(SolutionConfigurationPlatforms) = preSolution
		Debug|Any CPU = Debug|Any CPU
		Release|Any CPU = Release|Any CPU
	EndGlobalSection
	GlobalSection(ProjectConfigurationPlatforms) = postSolution
		{058AAAB5-3DB0-4C98-81AF-9C3AE5E226E1}.Debug|Any CPU.ActiveCfg = Debug|Any CPU
		{058AAAB5-3DB0-4C98-81AF-9C3AE5E226E1}.Debug|Any CPU.Build.0 = Debug|Any CPU
		{058AAAB5-3DB0-4C98-81AF-9C3AE5E226E1}.Release|Any CPU.ActiveCfg = Release|Any CPU
		{058AAAB5-3DB0-4C98-81AF-9C3AE5E226E1}.Release|Any CPU.Build.0 = Release|Any CPU
		{416E4213-1FEF-4CC4-9D9F-65FE2D23C0E6}.Debug|Any CPU.ActiveCfg = Debug|Any CPU
		{416E4213-1FEF-4CC4-9D9F-65FE2D23C0E6}.Debug|Any CPU.Build.0 = Debug|Any CPU
		{416E4213-1FEF-4CC4-9D9F-65FE2D23C0E6}.Release|Any CPU.ActiveCfg = Release|Any CPU
		{416E4213-1FEF-4CC4-9D9F-65FE2D23C0E6}.Release|Any CPU.Build.0 = Release|Any CPU
	EndGlobalSection
	GlobalSection(SolutionProperties) = preSolution
		HideSolutionNode = FALSE
	EndGlobalSection
EndGlobal
